lockfileVersion: '9.0'

settings:
  autoInstallPeers: true
  excludeLinksFromLockfile: false

importers:

  .:
    devDependencies:
      typescript:
        specifier: ~5.6.0
        version: 5.6.3

  packages/editor-shell:
    dependencies:
      '@handsontable/demo-runtime':
        specifier: workspace:*
        version: link:../runtime

  packages/runtime:
    dependencies:
      '@codesandbox/sandpack-client':
        specifier: ^2.19.8
        version: 2.19.8
      semver:
        specifier: ^7.7.4
        version: 7.8.5
    devDependencies:
      '@types/semver':
        specifier: ^7.5.8
        version: 7.7.1

packages:

  '@codesandbox/nodebox@0.1.8':
    resolution: {integrity: sha512-2VRS6JDSk+M+pg56GA6CryyUSGPjBEe8Pnae0QL3jJF1mJZJVMDKr93gJRtBbLkfZN6LD/DwMtf+2L0bpWrjqg==}

  '@codesandbox/sandpack-client@2.19.8':
    resolution: {integrity: sha512-CMV4nr1zgKzVpx4I3FYvGRM5YT0VaQhALMW9vy4wZRhEyWAtJITQIqZzrTGWqB1JvV7V72dVEUCUPLfYz5hgJQ==}

  '@open-draft/deferred-promise@2.2.0':
    resolution: {integrity: sha512-CecwLWx3rhxVQF6V4bAgPS5t+So2sTbPgAzafKkVizyi7tlwpcFpdFqq+wqF2OwNBmqFuu6tOyouTuxgpMfzmA==}

  '@types/semver@7.7.1':
    resolution: {integrity: sha512-FmgJfu+MOcQ370SD0ev7EI8TlCAfKYU+B4m5T3yXc1CiRN94g/SZPtsCkk506aUDtlMnFZvasDwHHUcZUEaYuA==}

  base64-js@1.5.1:
    resolution: {integrity: sha512-AKpaYlHn8t4SVbOHCy+b5+KKgvR4vrsD8vbvrbiQJps7fKDTkjkDry6ji0rUJjC0kzbNePLwzxq8iypo41qeWA==}

  buffer@6.0.3:
    resolution: {integrity: sha512-FTiCpNxtwiZZHEZbcbTIcZjERVICn9yq/pDFkTl95/AxzD1naBctN7YO68riM/gLSDY7sdrMby8hofADYuuqOA==}

  dequal@2.0.3:
    resolution: {integrity: sha512-0je+qPKHEMohvfRTCEo3CrPG6cAzAYgmzKyxRiYSSDkS6eGJdyVJm7WaYA5ECaAD9wLB2T4EEeymA5aFVcYXCA==}
    engines: {node: '>=6'}

  dotenv@16.6.1:
    resolution: {integrity: sha512-uBq4egWHTcTt33a72vpSG0z3HnPuIl6NqYcTrKEg2azoEyl2hpW0zqlxysq2pK9HlDIHyHyakeYaYnSAwd8bow==}
    engines: {node: '>=12'}

  ieee754@1.2.1:
    resolution: {integrity: sha512-dcyqhDvX1C46lXZcVqCpK+FtMRQVdIMN6/Df5js2zouUsqG7I6sFxitIC+7KYK29KdXOLHdu9zL4sFnoVQnqaA==}

  mime-db@1.54.0:
    resolution: {integrity: sha512-aU5EJuIN2WDemCcAp2vFBfp/m4EAhWJnUNSSw0ixs7/kXbd6Pg64EmwJkNdFhB8aWt1sH2CTXrLxo/iAGV3oPQ==}
    engines: {node: '>= 0.6'}

  outvariant@1.4.0:
    resolution: {integrity: sha512-AlWY719RF02ujitly7Kk/0QlV+pXGFDHrHf9O2OKqyqgBieaPOIeuSkL8sRK6j2WK+/ZAURq2kZsY0d8JapUiw==}

  semver@7.8.5:
    resolution: {integrity: sha512-Y7/KDsb8LjooZpwaqGyulO6DQlksgCncchHGk+sZIY4SBvUocMBEFH5Ur1fI4dV+Jvl0w6cjvucaIi40puRioA==}
    engines: {node: '>=10'}
    hasBin: true

  static-browser-server@1.0.3:
    resolution: {integrity: sha512-ZUyfgGDdFRbZGGJQ1YhiM930Yczz5VlbJObrQLlk24+qNHVQx4OlLcYswEUo3bIyNAbQUIUR9Yr5/Hqjzqb4zA==}

  strict-event-emitter@0.4.6:
    resolution: {integrity: sha512-12KWeb+wixJohmnwNFerbyiBrAlq5qJLwIt38etRtKtmmHyDSoGlIqFE9wx+4IwG0aDjI7GV8tc8ZccjWZZtTg==}

  typescript@5.6.3:
    resolution: {integrity: sha512-hjcS1mhfuyi4WW8IWtjP7brDrG2cuDZukyrYrSauoXGNgx0S7zceP07adYkJycEr56BOUTNPzbInooiN3fn1qw==}
    engines: {node: '>=14.17'}
    hasBin: true

snapshots:

  '@codesandbox/nodebox@0.1.8':
    dependencies:
      outvariant: 1.4.0
      strict-event-emitter: 0.4.6

  '@codesandbox/sandpack-client@2.19.8':
    dependencies:
      '@codesandbox/nodebox': 0.1.8
      buffer: 6.0.3
      dequal: 2.0.3
      mime-db: 1.54.0
      outvariant: 1.4.0
      static-browser-server: 1.0.3

  '@open-draft/deferred-promise@2.2.0': {}

  '@types/semver@7.7.1': {}

  base64-js@1.5.1: {}

  buffer@6.0.3:
    dependencies:
      base64-js: 1.5.1
      ieee754: 1.2.1

  dequal@2.0.3: {}

  dotenv@16.6.1: {}

  ieee754@1.2.1: {}

  mime-db@1.54.0: {}

  outvariant@1.4.0: {}

  semver@7.8.5: {}

  static-browser-server@1.0.3:
    dependencies:
      '@open-draft/deferred-promise': 2.2.0
      dotenv: 16.6.1
      mime-db: 1.54.0
      outvariant: 1.4.0

  strict-event-emitter@0.4.6: {}

  typescript@5.6.3: {}
